
Microsoft Visual Studio Solution File, Format Version 12.00
# Visual Studio Version 16
VisualStudioVersion = 16.0.30804.86
MinimumVisualStudioVersion = 10.0.40219.1
Project("{FAE04EC0-301F-11D3-BF4B-00C04F79EFBC}") = "ex3", "ex3\ex3.csproj", "{2DED7986-77EA-42DB-AA3F-D9FD1F3410CC}"
EndProject
Global
	GlobalSection(SolutionConfigurationPlatforms) = preSolution
		Debug|Any CPU = Debug|Any CPU
		Release|Any CPU = Release|Any CPU
	EndGlobalSection
	GlobalSection(ProjectConfigurationPlatforms) = postSolution
		{2DED7986-77EA-42DB-AA3F-D9FD1F3410CC}.Debug|Any CPU.ActiveCfg = Debug|Any CPU
		{2DED7986-77EA-42DB-AA3F-D9FD1F3410CC}.Debug|Any CPU.Build.0 = Debug|Any CPU
		{2DED7986-77EA-42DB-AA3F-D9FD1F3410CC}.Release|Any CPU.ActiveCfg = Release|Any CPU
		{2DED7986-77EA-42DB-AA3F-D9FD1F3410CC}.Release|Any CPU.Build.0 = Release|Any CPU
	EndGlobalSection
	GlobalSection(SolutionProperties) = preSolution
		HideSolutionNode = FALSE
	EndGlobalSection
	GlobalSection(ExtensibilityGlobals) = postSolution
		SolutionGuid = {6F8A1BE4-C046-4BE3-B874-B0880DD757D2}
	EndGlobalSection
EndGlobal
